
Microsoft Visual Studio Solution File, Format Version 12.00
# Visual Studio Version 17
VisualStudioVersion = 17.5.002.0
MinimumVisualStudioVersion = 10.0.40219.1
Project("{9A19103F-16F7-4668-BE54-9A1E7A4F7556}") = "ProductDocsValidation", "ProductDocsValidation.csproj", "{F331E500-7A23-4DF2-83E8-7C5C664BBD97}"
EndProject
Global
	GlobalSection(SolutionConfigurationPlatforms) = preSolution
		Debug|Any CPU = Debug|Any CPU
		Release|Any CPU = Release|Any CPU
	EndGlobalSection
	GlobalSection(ProjectConfigurationPlatforms) = postSolution
		{F331E500-7A23-4DF2-83E8-7C5C664BBD97}.Debug|Any CPU.ActiveCfg = Debug|Any CPU
		{F331E500-7A23-4DF2-83E8-7C5C664BBD97}.Debug|Any CPU.Build.0 = Debug|Any CPU
		{F331E500-7A23-4DF2-83E8-7C5C664BBD97}.Release|Any CPU.ActiveCfg = Release|Any CPU
		{F331E500-7A23-4DF2-83E8-7C5C664BBD97}.Release|Any CPU.Build.0 = Release|Any CPU
	EndGlobalSection
	GlobalSection(SolutionProperties) = preSolution
		HideSolutionNode = FALSE
	EndGlobalSection
	GlobalSection(ExtensibilityGlobals) = postSolution
		SolutionGuid = {2BCD6A5C-9409-47A3-BBB8-9B40129CA32E}
	EndGlobalSection
EndGlobal
